// !$*UTF8*$!
{
	archiveVersion = 1;
	classes = {
	};
	objectVersion = 46;
	objects = {

/* Begin PBXBuildFile section */
		1A0DFF441C1A2ED5008F4D75 /* AddChecklistItemViewController.swift in Sources */ = {isa = PBXBuildFile; fileRef = 1A0DFF301C1A2ED5008F4D75 /* AddChecklistItemViewController.swift */; };
		1A0DFF451C1A2ED5008F4D75 /* AddDiaryEntryViewController.swift in Sources */ = {isa = PBXBuildFile; fileRef = 1A0DFF311C1A2ED5008F4D75 /* AddDiaryEntryViewController.swift */; };
		1A0DFF461C1A2ED5008F4D75 /* ChecklistDetailViewController.swift in Sources */ = {isa = PBXBuildFile; fileRef = 1A0DFF321C1A2ED5008F4D75 /* ChecklistDetailViewController.swift */; };
		1A0DFF471C1A2ED5008F4D75 /* ChecklistsViewController.swift in Sources */ = {isa = PBXBuildFile; fileRef = 1A0DFF331C1A2ED5008F4D75 /* ChecklistsViewController.swift */; };
		1A0DFF481C1A2ED5008F4D75 /* DiaryViewController.swift in Sources */ = {isa = PBXBuildFile; fileRef = 1A0DFF341C1A2ED5008F4D75 /* DiaryViewController.swift */; };
		1A0DFF4B1C1A2ED5008F4D75 /* SampleData.swift in Sources */ = {isa = PBXBuildFile; fileRef = 1A0DFF3A1C1A2ED5008F4D75 /* SampleData.swift */; };
		1A0DFF4C1C1A2ED5008F4D75 /* Assets.xcassets in Resources */ = {isa = PBXBuildFile; fileRef = 1A0DFF3C1C1A2ED5008F4D75 /* Assets.xcassets */; };
		1A0DFF4D1C1A2ED5008F4D75 /* AppDelegate.swift in Sources */ = {isa = PBXBuildFile; fileRef = 1A0DFF3E1C1A2ED5008F4D75 /* AppDelegate.swift */; };
		1A0DFF4F1C1A2ED5008F4D75 /* Main.storyboard in Resources */ = {isa = PBXBuildFile; fileRef = 1A0DFF411C1A2ED5008F4D75 /* Main.storyboard */; };
		1A0DFF501C1A2ED5008F4D75 /* ChecklistItemTableViewCell.swift in Sources */ = {isa = PBXBuildFile; fileRef = 1A0DFF431C1A2ED5008F4D75 /* ChecklistItemTableViewCell.swift */; };
		1A5994141C1B9028005D4390 /* Checklists.storyboard in Resources */ = {isa = PBXBuildFile; fileRef = 1A5994131C1B9028005D4390 /* Checklists.storyboard */; };
		1A5994161C1B921E005D4390 /* Diary.storyboard in Resources */ = {isa = PBXBuildFile; fileRef = 1A5994151C1B921E005D4390 /* Diary.storyboard */; };
		1A5994181C1B9319005D4390 /* ChecklistDetail.storyboard in Resources */ = {isa = PBXBuildFile; fileRef = 1A5994171C1B9319005D4390 /* ChecklistDetail.storyboard */; };
/* End PBXBuildFile section */

/* Begin PBXFileReference section */
		1A0DFF301C1A2ED5008F4D75 /* AddChecklistItemViewController.swift */ = {isa = PBXFileReference; fileEncoding = 4; lastKnownFileType = sourcecode.swift; path = AddChecklistItemViewController.swift; sourceTree = "<group>"; };
		1A0DFF311C1A2ED5008F4D75 /* AddDiaryEntryViewController.swift */ = {isa = PBXFileReference; fileEncoding = 4; lastKnownFileType = sourcecode.swift; path = AddDiaryEntryViewController.swift; sourceTree = "<group>"; };
		1A0DFF321C1A2ED5008F4D75 /* ChecklistDetailViewController.swift */ = {isa = PBXFileReference; fileEncoding = 4; lastKnownFileType = sourcecode.swift; path = ChecklistDetailViewController.swift; sourceTree = "<group>"; };
		1A0DFF331C1A2ED5008F4D75 /* ChecklistsViewController.swift */ = {isa = PBXFileReference; fileEncoding = 4; lastKnownFileType = sourcecode.swift; path = ChecklistsViewController.swift; sourceTree = "<group>"; };
		1A0DFF341C1A2ED5008F4D75 /* DiaryViewController.swift */ = {isa = PBXFileReference; fileEncoding = 4; lastKnownFileType = sourcecode.swift; path = DiaryViewController.swift; sourceTree = "<group>"; };
		1A0DFF3A1C1A2ED5008F4D75 /* SampleData.swift */ = {isa = PBXFileReference; fileEncoding = 4; lastKnownFileType = sourcecode.swift; path = SampleData.swift; sourceTree = "<group>"; };
		1A0DFF3C1C1A2ED5008F4D75 /* Assets.xcassets */ = {isa = PBXFileReference; lastKnownFileType = folder.assetcatalog; path = Assets.xcassets; sourceTree = "<group>"; };
		1A0DFF3E1C1A2ED5008F4D75 /* AppDelegate.swift */ = {isa = PBXFileReference; fileEncoding = 4; lastKnownFileType = sourcecode.swift; path = AppDelegate.swift; sourceTree = "<group>"; };
		1A0DFF3F1C1A2ED5008F4D75 /* Info.plist */ = {isa = PBXFileReference; fileEncoding = 4; lastKnownFileType = text.plist.xml; path = Info.plist; sourceTree = "<group>"; };
		1A0DFF411C1A2ED5008F4D75 /* Main.storyboard */ = {isa = PBXFileReference; fileEncoding = 4; lastKnownFileType = file.storyboard; path = Main.storyboard; sourceTree = "<group>"; };
		1A0DFF431C1A2ED5008F4D75 /* ChecklistItemTableViewCell.swift */ = {isa = PBXFileReference; fileEncoding = 4; lastKnownFileType = sourcecode.swift; path = ChecklistItemTableViewCell.swift; sourceTree = "<group>"; };
		1A5994131C1B9028005D4390 /* Checklists.storyboard */ = {isa = PBXFileReference; fileEncoding = 4; lastKnownFileType = file.storyboard; path = Checklists.storyboard; sourceTree = "<group>"; };
		1A5994151C1B921E005D4390 /* Diary.storyboard */ = {isa = PBXFileReference; fileEncoding = 4; lastKnownFileType = file.storyboard; path = Diary.storyboard; sourceTree = "<group>"; };
		1A5994171C1B9319005D4390 /* ChecklistDetail.storyboard */ = {isa = PBXFileReference; fileEncoding = 4; lastKnownFileType = file.storyboard; path = ChecklistDetail.storyboard; sourceTree = "<group>"; };
		825E946D1B38DC9C007F9483 /* Prepped.app */ = {isa = PBXFileReference; explicitFileType = wrapper.application; includeInIndex = 0; path = Prepped.app; sourceTree = BUILT_PRODUCTS_DIR; };
/* End PBXFileReference section */

/* Begin PBXFrameworksBuildPhase section */
		825E946A1B38DC9C007F9483 /* Frameworks */ = {
			isa = PBXFrameworksBuildPhase;
			buildActionMask = 2147483647;
			files = (
			);
			runOnlyForDeploymentPostprocessing = 0;
		};
/* End PBXFrameworksBuildPhase section */

/* Begin PBXGroup section */
		1A0DFF2E1C1A2ED5008F4D75 /* Prepped */ = {
			isa = PBXGroup;
			children = (
				1A0DFF2F1C1A2ED5008F4D75 /* Controller */,
				1A0DFF361C1A2ED5008F4D75 /* Extensions */,
				1A0DFF381C1A2ED5008F4D75 /* Model */,
				1A0DFF3B1C1A2ED5008F4D75 /* Resources */,
				1A0DFF3D1C1A2ED5008F4D75 /* Supporting-Files */,
				1A0DFF401C1A2ED5008F4D75 /* User-Interface */,
				1A0DFF421C1A2ED5008F4D75 /* View */,
			);
			path = Prepped;
			sourceTree = "<group>";
		};
		1A0DFF2F1C1A2ED5008F4D75 /* Controller */ = {
			isa = PBXGroup;
			children = (
				1A0DFF301C1A2ED5008F4D75 /* AddChecklistItemViewController.swift */,
				1A0DFF311C1A2ED5008F4D75 /* AddDiaryEntryViewController.swift */,
				1A0DFF321C1A2ED5008F4D75 /* ChecklistDetailViewController.swift */,
				1A0DFF331C1A2ED5008F4D75 /* ChecklistsViewController.swift */,
				1A0DFF341C1A2ED5008F4D75 /* DiaryViewController.swift */,
			);
			path = Controller;
			sourceTree = "<group>";
		};
		1A0DFF361C1A2ED5008F4D75 /* Extensions */ = {
			isa = PBXGroup;
			children = (
			);
			path = Extensions;
			sourceTree = "<group>";
		};
		1A0DFF381C1A2ED5008F4D75 /* Model */ = {
			isa = PBXGroup;
			children = (
				1A0DFF3A1C1A2ED5008F4D75 /* SampleData.swift */,
			);
			path = Model;
			sourceTree = "<group>";
		};
		1A0DFF3B1C1A2ED5008F4D75 /* Resources */ = {
			isa = PBXGroup;
			children = (
				1A0DFF3C1C1A2ED5008F4D75 /* Assets.xcassets */,
			);
			path = Resources;
			sourceTree = "<group>";
		};
		1A0DFF3D1C1A2ED5008F4D75 /* Supporting-Files */ = {
			isa = PBXGroup;
			children = (
				1A0DFF3E1C1A2ED5008F4D75 /* AppDelegate.swift */,
				1A0DFF3F1C1A2ED5008F4D75 /* Info.plist */,
			);
			path = "Supporting-Files";
			sourceTree = "<group>";
		};
		1A0DFF401C1A2ED5008F4D75 /* User-Interface */ = {
			isa = PBXGroup;
			children = (
				1A5994151C1B921E005D4390 /* Diary.storyboard */,
				1A0DFF411C1A2ED5008F4D75 /* Main.storyboard */,
				1A5994131C1B9028005D4390 /* Checklists.storyboard */,
				1A5994171C1B9319005D4390 /* ChecklistDetail.storyboard */,
			);
			path = "User-Interface";
			sourceTree = "<group>";
		};
		1A0DFF421C1A2ED5008F4D75 /* View */ = {
			isa = PBXGroup;
			children = (
				1A0DFF431C1A2ED5008F4D75 /* ChecklistItemTableViewCell.swift */,
			);
			path = View;
			sourceTree = "<group>";
		};
		825E94641B38DC9C007F9483 = {
			isa = PBXGroup;
			children = (
				1A0DFF2E1C1A2ED5008F4D75 /* Prepped */,
				825E946E1B38DC9C007F9483 /* Products */,
			);
			sourceTree = "<group>";
		};
		825E946E1B38DC9C007F9483 /* Products */ = {
			isa = PBXGroup;
			children = (
				825E946D1B38DC9C007F9483 /* Prepped.app */,
			);
			name = Products;
			sourceTree = "<group>";
		};
/* End PBXGroup section */

/* Begin PBXNativeTarget section */
		825E946C1B38DC9C007F9483 /* Prepped */ = {
			isa = PBXNativeTarget;
			buildConfigurationList = 825E947F1B38DC9C007F9483 /* Build configuration list for PBXNativeTarget "Prepped" */;
			buildPhases = (
				825E94691B38DC9C007F9483 /* Sources */,
				825E946A1B38DC9C007F9483 /* Frameworks */,
				825E946B1B38DC9C007F9483 /* Resources */,
			);
			buildRules = (
			);
			dependencies = (
			);
			name = Prepped;
			productName = Prepped;
			productReference = 825E946D1B38DC9C007F9483 /* Prepped.app */;
			productType = "com.apple.product-type.application";
		};
/* End PBXNativeTarget section */

/* Begin PBXProject section */
		825E94651B38DC9C007F9483 /* Project object */ = {
			isa = PBXProject;
			attributes = {
				LastUpgradeCheck = 0700;
				ORGANIZATIONNAME = "Caroline Begbie";
				TargetAttributes = {
					825E946C1B38DC9C007F9483 = {
						CreatedOnToolsVersion = 7.0;
					};
				};
			};
			buildConfigurationList = 825E94681B38DC9C007F9483 /* Build configuration list for PBXProject "Prepped" */;
			compatibilityVersion = "Xcode 3.2";
			developmentRegion = English;
			hasScannedForEncodings = 0;
			knownRegions = (
				en,
				Base,
			);
			mainGroup = 825E94641B38DC9C007F9483;
			productRefGroup = 825E946E1B38DC9C007F9483 /* Products */;
			projectDirPath = "";
			projectRoot = "";
			targets = (
				825E946C1B38DC9C007F9483 /* Prepped */,
			);
		};
/* End PBXProject section */

/* Begin PBXResourcesBuildPhase section */
		825E946B1B38DC9C007F9483 /* Resources */ = {
			isa = PBXResourcesBuildPhase;
			buildActionMask = 2147483647;
			files = (
				1A5994161C1B921E005D4390 /* Diary.storyboard in Resources */,
				1A0DFF4F1C1A2ED5008F4D75 /* Main.storyboard in Resources */,
				1A5994181C1B9319005D4390 /* ChecklistDetail.storyboard in Resources */,
				1A5994141C1B9028005D4390 /* Checklists.storyboard in Resources */,
				1A0DFF4C1C1A2ED5008F4D75 /* Assets.xcassets in Resources */,
			);
			runOnlyForDeploymentPostprocessing = 0;
		};
/* End PBXResourcesBuildPhase section */

/* Begin PBXSourcesBuildPhase section */
		825E94691B38DC9C007F9483 /* Sources */ = {
			isa = PBXSourcesBuildPhase;
			buildActionMask = 2147483647;
			files = (
				1A0DFF441C1A2ED5008F4D75 /* AddChecklistItemViewController.swift in Sources */,
				1A0DFF4B1C1A2ED5008F4D75 /* SampleData.swift in Sources */,
				1A0DFF481C1A2ED5008F4D75 /* DiaryViewController.swift in Sources */,
				1A0DFF471C1A2ED5008F4D75 /* ChecklistsViewController.swift in Sources */,
				1A0DFF4D1C1A2ED5008F4D75 /* AppDelegate.swift in Sources */,
				1A0DFF451C1A2ED5008F4D75 /* AddDiaryEntryViewController.swift in Sources */,
				1A0DFF501C1A2ED5008F4D75 /* ChecklistItemTableViewCell.swift in Sources */,
				1A0DFF461C1A2ED5008F4D75 /* ChecklistDetailViewController.swift in Sources */,
			);
			runOnlyForDeploymentPostprocessing = 0;
		};
/* End PBXSourcesBuildPhase section */

/* Begin XCBuildConfiguration section */
		825E947D1B38DC9C007F9483 /* Debug */ = {
			isa = XCBuildConfiguration;
			buildSettings = {
				ALWAYS_SEARCH_USER_PATHS = NO;
				CLANG_CXX_LANGUAGE_STANDARD = "gnu++0x";
				CLANG_CXX_LIBRARY = "libc++";
				CLANG_ENABLE_MODULES = YES;
				CLANG_ENABLE_OBJC_ARC = YES;
				CLANG_WARN_BOOL_CONVERSION = YES;
				CLANG_WARN_CONSTANT_CONVERSION = YES;
				CLANG_WARN_DIRECT_OBJC_ISA_USAGE = YES_ERROR;
				CLANG_WARN_EMPTY_BODY = YES;
				CLANG_WARN_ENUM_CONVERSION = YES;
				CLANG_WARN_INT_CONVERSION = YES;
				CLANG_WARN_OBJC_ROOT_CLASS = YES_ERROR;
				CLANG_WARN_UNREACHABLE_CODE = YES;
				CLANG_WARN__DUPLICATE_METHOD_MATCH = YES;
				"CODE_SIGN_IDENTITY[sdk=iphoneos*]" = "iPhone Developer";
				COPY_PHASE_STRIP = NO;
				DEBUG_INFORMATION_FORMAT = dwarf;
				ENABLE_STRICT_OBJC_MSGSEND = YES;
				ENABLE_TESTABILITY = YES;
				GCC_C_LANGUAGE_STANDARD = gnu99;
				GCC_DYNAMIC_NO_PIC = NO;
				GCC_NO_COMMON_BLOCKS = YES;
				GCC_OPTIMIZATION_LEVEL = 0;
				GCC_PREPROCESSOR_DEFINITIONS = (
					"DEBUG=1",
					"$(inherited)",
				);
				GCC_WARN_64_TO_32_BIT_CONVERSION = YES;
				GCC_WARN_ABOUT_RETURN_TYPE = YES_ERROR;
				GCC_WARN_UNDECLARED_SELECTOR = YES;
				GCC_WARN_UNINITIALIZED_AUTOS = YES_AGGRESSIVE;
				GCC_WARN_UNUSED_FUNCTION = YES;
				GCC_WARN_UNUSED_VARIABLE = YES;
				IPHONEOS_DEPLOYMENT_TARGET = 9.0;
				MTL_ENABLE_DEBUG_INFO = YES;
				ONLY_ACTIVE_ARCH = YES;
				SDKROOT = iphoneos;
				SWIFT_OPTIMIZATION_LEVEL = "-Onone";
				TARGETED_DEVICE_FAMILY = "1,2";
			};
			name = Debug;
		};
		825E947E1B38DC9C007F9483 /* Release */ = {
			isa = XCBuildConfiguration;
			buildSettings = {
				ALWAYS_SEARCH_USER_PATHS = NO;
				CLANG_CXX_LANGUAGE_STANDARD = "gnu++0x";
				CLANG_CXX_LIBRARY = "libc++";
				CLANG_ENABLE_MODULES = YES;
				CLANG_ENABLE_OBJC_ARC = YES;
				CLANG_WARN_BOOL_CONVERSION = YES;
				CLANG_WARN_CONSTANT_CONVERSION = YES;
				CLANG_WARN_DIRECT_OBJC_ISA_USAGE = YES_ERROR;
				CLANG_WARN_EMPTY_BODY = YES;
				CLANG_WARN_ENUM_CONVERSION = YES;
				CLANG_WARN_INT_CONVERSION = YES;
				CLANG_WARN_OBJC_ROOT_CLASS = YES_ERROR;
				CLANG_WARN_UNREACHABLE_CODE = YES;
				CLANG_WARN__DUPLICATE_METHOD_MATCH = YES;
				"CODE_SIGN_IDENTITY[sdk=iphoneos*]" = "iPhone Developer";
				COPY_PHASE_STRIP = NO;
				DEBUG_INFORMATION_FORMAT = "dwarf-with-dsym";
				ENABLE_NS_ASSERTIONS = NO;
				ENABLE_STRICT_OBJC_MSGSEND = YES;
				GCC_C_LANGUAGE_STANDARD = gnu99;
				GCC_NO_COMMON_BLOCKS = YES;
				GCC_WARN_64_TO_32_BIT_CONVERSION = YES;
				GCC_WARN_ABOUT_RETURN_TYPE = YES_ERROR;
				GCC_WARN_UNDECLARED_SELECTOR = YES;
				GCC_WARN_UNINITIALIZED_AUTOS = YES_AGGRESSIVE;
				GCC_WARN_UNUSED_FUNCTION = YES;
				GCC_WARN_UNUSED_VARIABLE = YES;
				IPHONEOS_DEPLOYMENT_TARGET = 9.0;
				MTL_ENABLE_DEBUG_INFO = NO;
				SDKROOT = iphoneos;
				TARGETED_DEVICE_FAMILY = "1,2";
				VALIDATE_PRODUCT = YES;
			};
			name = Release;
		};
		825E94801B38DC9C007F9483 /* Debug */ = {
			isa = XCBuildConfiguration;
			buildSettings = {
				ASSETCATALOG_COMPILER_APPICON_NAME = AppIcon;
				INFOPLIST_FILE = "$(SRCROOT)/Prepped/Supporting-Files/Info.plist";
				LD_RUNPATH_SEARCH_PATHS = "$(inherited) @executable_path/Frameworks";
				PRODUCT_BUNDLE_IDENTIFIER = co.andbeyond.Prepped;
				PRODUCT_NAME = "$(TARGET_NAME)";
				TARGETED_DEVICE_FAMILY = 1;
			};
			name = Debug;
		};
		825E94811B38DC9C007F9483 /* Release */ = {
			isa = XCBuildConfiguration;
			buildSettings = {
				ASSETCATALOG_COMPILER_APPICON_NAME = AppIcon;
				INFOPLIST_FILE = "$(SRCROOT)/Prepped/Supporting-Files/Info.plist";
				LD_RUNPATH_SEARCH_PATHS = "$(inherited) @executable_path/Frameworks";
				PRODUCT_BUNDLE_IDENTIFIER = co.andbeyond.Prepped;
				PRODUCT_NAME = "$(TARGET_NAME)";
				TARGETED_DEVICE_FAMILY = 1;
			};
			name = Release;
		};
/* End XCBuildConfiguration section */

/* Begin XCConfigurationList section */
		825E94681B38DC9C007F9483 /* Build configuration list for PBXProject "Prepped" */ = {
			isa = XCConfigurationList;
			buildConfigurations = (
				825E947D1B38DC9C007F9483 /* Debug */,
				825E947E1B38DC9C007F9483 /* Release */,
			);
			defaultConfigurationIsVisible = 0;
			defaultConfigurationName = Release;
		};
		825E947F1B38DC9C007F9483 /* Build configuration list for PBXNativeTarget "Prepped" */ = {
			isa = XCConfigurationList;
			buildConfigurations = (
				825E94801B38DC9C007F9483 /* Debug */,
				825E94811B38DC9C007F9483 /* Release */,
			);
			defaultConfigurationIsVisible = 0;
			defaultConfigurationName = Release;
		};
/* End XCConfigurationList section */
	};
	rootObject = 825E94651B38DC9C007F9483 /* Project object */;
}
