// !$*UTF8*$!
{
	archiveVersion = 1;
	classes = {
	};
	objectVersion = 46;
	objects = {

/* Begin PBXBuildFile section */
		1AAE1EF41C2994DC009E31F1 /* FullPhotoViewController.swift in Sources */ = {isa = PBXBuildFile; fileRef = 1AAE1EE51C2994DC009E31F1 /* FullPhotoViewController.swift */; };
		1AAE1EF51C2994DC009E31F1 /* PhotosCollectionViewController.swift in Sources */ = {isa = PBXBuildFile; fileRef = 1AAE1EE61C2994DC009E31F1 /* PhotosCollectionViewController.swift */; };
		1AAE1EF61C2994DC009E31F1 /* PhotoDataHelper.swift in Sources */ = {isa = PBXBuildFile; fileRef = 1AAE1EE91C2994DC009E31F1 /* PhotoDataHelper.swift */; };
		1AAE1EF71C2994DC009E31F1 /* PhotosCollectionViewFlowLayout.swift in Sources */ = {isa = PBXBuildFile; fileRef = 1AAE1EEA1C2994DC009E31F1 /* PhotosCollectionViewFlowLayout.swift */; };
		1AAE1EF81C2994DC009E31F1 /* Assets.xcassets in Resources */ = {isa = PBXBuildFile; fileRef = 1AAE1EEC1C2994DC009E31F1 /* Assets.xcassets */; };
		1AAE1EF91C2994DC009E31F1 /* AppDelegate.swift in Sources */ = {isa = PBXBuildFile; fileRef = 1AAE1EEE1C2994DC009E31F1 /* AppDelegate.swift */; };
		1AAE1EFB1C2994DC009E31F1 /* Main.storyboard in Resources */ = {isa = PBXBuildFile; fileRef = 1AAE1EF11C2994DC009E31F1 /* Main.storyboard */; };
		1AAE1EFC1C2994DC009E31F1 /* PhotoCollectionViewCell.swift in Sources */ = {isa = PBXBuildFile; fileRef = 1AAE1EF31C2994DC009E31F1 /* PhotoCollectionViewCell.swift */; };
		1AAE1EFE1C2996C2009E31F1 /* StickyEdgesBehavior.swift in Sources */ = {isa = PBXBuildFile; fileRef = 1AAE1EFD1C2996C2009E31F1 /* StickyEdgesBehavior.swift */; };
/* End PBXBuildFile section */

/* Begin PBXFileReference section */
		1AAE1EE51C2994DC009E31F1 /* FullPhotoViewController.swift */ = {isa = PBXFileReference; fileEncoding = 4; lastKnownFileType = sourcecode.swift; path = FullPhotoViewController.swift; sourceTree = "<group>"; };
		1AAE1EE61C2994DC009E31F1 /* PhotosCollectionViewController.swift */ = {isa = PBXFileReference; fileEncoding = 4; lastKnownFileType = sourcecode.swift; path = PhotosCollectionViewController.swift; sourceTree = "<group>"; };
		1AAE1EE91C2994DC009E31F1 /* PhotoDataHelper.swift */ = {isa = PBXFileReference; fileEncoding = 4; lastKnownFileType = sourcecode.swift; path = PhotoDataHelper.swift; sourceTree = "<group>"; };
		1AAE1EEA1C2994DC009E31F1 /* PhotosCollectionViewFlowLayout.swift */ = {isa = PBXFileReference; fileEncoding = 4; lastKnownFileType = sourcecode.swift; path = PhotosCollectionViewFlowLayout.swift; sourceTree = "<group>"; };
		1AAE1EEC1C2994DC009E31F1 /* Assets.xcassets */ = {isa = PBXFileReference; lastKnownFileType = folder.assetcatalog; path = Assets.xcassets; sourceTree = "<group>"; };
		1AAE1EEE1C2994DC009E31F1 /* AppDelegate.swift */ = {isa = PBXFileReference; fileEncoding = 4; lastKnownFileType = sourcecode.swift; path = AppDelegate.swift; sourceTree = "<group>"; };
		1AAE1EEF1C2994DC009E31F1 /* Info.plist */ = {isa = PBXFileReference; fileEncoding = 4; lastKnownFileType = text.plist.xml; path = Info.plist; sourceTree = "<group>"; };
		1AAE1EF11C2994DC009E31F1 /* Main.storyboard */ = {isa = PBXFileReference; fileEncoding = 4; lastKnownFileType = file.storyboard; path = Main.storyboard; sourceTree = "<group>"; };
		1AAE1EF31C2994DC009E31F1 /* PhotoCollectionViewCell.swift */ = {isa = PBXFileReference; fileEncoding = 4; lastKnownFileType = sourcecode.swift; path = PhotoCollectionViewCell.swift; sourceTree = "<group>"; };
		1AAE1EFD1C2996C2009E31F1 /* StickyEdgesBehavior.swift */ = {isa = PBXFileReference; fileEncoding = 4; lastKnownFileType = sourcecode.swift; path = StickyEdgesBehavior.swift; sourceTree = "<group>"; };
		93A0C5351B5C000600A5EB09 /* DynamicPhotoDisplay.app */ = {isa = PBXFileReference; explicitFileType = wrapper.application; includeInIndex = 0; path = DynamicPhotoDisplay.app; sourceTree = BUILT_PRODUCTS_DIR; };
/* End PBXFileReference section */

/* Begin PBXFrameworksBuildPhase section */
		93A0C5321B5C000600A5EB09 /* Frameworks */ = {
			isa = PBXFrameworksBuildPhase;
			buildActionMask = 2147483647;
			files = (
			);
			runOnlyForDeploymentPostprocessing = 0;
		};
/* End PBXFrameworksBuildPhase section */

/* Begin PBXGroup section */
		1AAE1EE31C2994DC009E31F1 /* DynamicPhotoDisplay */ = {
			isa = PBXGroup;
			children = (
				1AAE1EE41C2994DC009E31F1 /* Controller */,
				1AAE1EE71C2994DC009E31F1 /* Extensions */,
				1AAE1EE81C2994DC009E31F1 /* Model */,
				1AAE1EEB1C2994DC009E31F1 /* Resources */,
				1AAE1EED1C2994DC009E31F1 /* Supporting-Files */,
				1AAE1EF01C2994DC009E31F1 /* User-Interface */,
				1AAE1EF21C2994DC009E31F1 /* View */,
			);
			path = DynamicPhotoDisplay;
			sourceTree = "<group>";
		};
		1AAE1EE41C2994DC009E31F1 /* Controller */ = {
			isa = PBXGroup;
			children = (
				1AAE1EE51C2994DC009E31F1 /* FullPhotoViewController.swift */,
				1AAE1EE61C2994DC009E31F1 /* PhotosCollectionViewController.swift */,
			);
			path = Controller;
			sourceTree = "<group>";
		};
		1AAE1EE71C2994DC009E31F1 /* Extensions */ = {
			isa = PBXGroup;
			children = (
			);
			path = Extensions;
			sourceTree = "<group>";
		};
		1AAE1EE81C2994DC009E31F1 /* Model */ = {
			isa = PBXGroup;
			children = (
				1AAE1EFD1C2996C2009E31F1 /* StickyEdgesBehavior.swift */,
				1AAE1EE91C2994DC009E31F1 /* PhotoDataHelper.swift */,
				1AAE1EEA1C2994DC009E31F1 /* PhotosCollectionViewFlowLayout.swift */,
			);
			path = Model;
			sourceTree = "<group>";
		};
		1AAE1EEB1C2994DC009E31F1 /* Resources */ = {
			isa = PBXGroup;
			children = (
				1AAE1EEC1C2994DC009E31F1 /* Assets.xcassets */,
			);
			path = Resources;
			sourceTree = "<group>";
		};
		1AAE1EED1C2994DC009E31F1 /* Supporting-Files */ = {
			isa = PBXGroup;
			children = (
				1AAE1EEE1C2994DC009E31F1 /* AppDelegate.swift */,
				1AAE1EEF1C2994DC009E31F1 /* Info.plist */,
			);
			path = "Supporting-Files";
			sourceTree = "<group>";
		};
		1AAE1EF01C2994DC009E31F1 /* User-Interface */ = {
			isa = PBXGroup;
			children = (
				1AAE1EF11C2994DC009E31F1 /* Main.storyboard */,
			);
			path = "User-Interface";
			sourceTree = "<group>";
		};
		1AAE1EF21C2994DC009E31F1 /* View */ = {
			isa = PBXGroup;
			children = (
				1AAE1EF31C2994DC009E31F1 /* PhotoCollectionViewCell.swift */,
			);
			path = View;
			sourceTree = "<group>";
		};
		93A0C52C1B5C000600A5EB09 = {
			isa = PBXGroup;
			children = (
				1AAE1EE31C2994DC009E31F1 /* DynamicPhotoDisplay */,
				93A0C5361B5C000600A5EB09 /* Products */,
			);
			indentWidth = 2;
			sourceTree = "<group>";
			tabWidth = 2;
		};
		93A0C5361B5C000600A5EB09 /* Products */ = {
			isa = PBXGroup;
			children = (
				93A0C5351B5C000600A5EB09 /* DynamicPhotoDisplay.app */,
			);
			name = Products;
			sourceTree = "<group>";
		};
/* End PBXGroup section */

/* Begin PBXNativeTarget section */
		93A0C5341B5C000600A5EB09 /* DynamicPhotoDisplay */ = {
			isa = PBXNativeTarget;
			buildConfigurationList = 93A0C5471B5C000600A5EB09 /* Build configuration list for PBXNativeTarget "DynamicPhotoDisplay" */;
			buildPhases = (
				93A0C5311B5C000600A5EB09 /* Sources */,
				93A0C5321B5C000600A5EB09 /* Frameworks */,
				93A0C5331B5C000600A5EB09 /* Resources */,
			);
			buildRules = (
			);
			dependencies = (
			);
			name = DynamicPhotoDisplay;
			productName = DynamicPhotoDisplay;
			productReference = 93A0C5351B5C000600A5EB09 /* DynamicPhotoDisplay.app */;
			productType = "com.apple.product-type.application";
		};
/* End PBXNativeTarget section */

/* Begin PBXProject section */
		93A0C52D1B5C000600A5EB09 /* Project object */ = {
			isa = PBXProject;
			attributes = {
				LastUpgradeCheck = 0700;
				ORGANIZATIONNAME = "Razeware LLC";
				TargetAttributes = {
					93A0C5341B5C000600A5EB09 = {
						CreatedOnToolsVersion = 7.0;
						DevelopmentTeam = ZFDEX86BMA;
					};
				};
			};
			buildConfigurationList = 93A0C5301B5C000600A5EB09 /* Build configuration list for PBXProject "DynamicPhotoDisplay" */;
			compatibilityVersion = "Xcode 3.2";
			developmentRegion = English;
			hasScannedForEncodings = 0;
			knownRegions = (
				en,
				Base,
			);
			mainGroup = 93A0C52C1B5C000600A5EB09;
			productRefGroup = 93A0C5361B5C000600A5EB09 /* Products */;
			projectDirPath = "";
			projectRoot = "";
			targets = (
				93A0C5341B5C000600A5EB09 /* DynamicPhotoDisplay */,
			);
		};
/* End PBXProject section */

/* Begin PBXResourcesBuildPhase section */
		93A0C5331B5C000600A5EB09 /* Resources */ = {
			isa = PBXResourcesBuildPhase;
			buildActionMask = 2147483647;
			files = (
				1AAE1EFB1C2994DC009E31F1 /* Main.storyboard in Resources */,
				1AAE1EF81C2994DC009E31F1 /* Assets.xcassets in Resources */,
			);
			runOnlyForDeploymentPostprocessing = 0;
		};
/* End PBXResourcesBuildPhase section */

/* Begin PBXSourcesBuildPhase section */
		93A0C5311B5C000600A5EB09 /* Sources */ = {
			isa = PBXSourcesBuildPhase;
			buildActionMask = 2147483647;
			files = (
				1AAE1EF61C2994DC009E31F1 /* PhotoDataHelper.swift in Sources */,
				1AAE1EF71C2994DC009E31F1 /* PhotosCollectionViewFlowLayout.swift in Sources */,
				1AAE1EFE1C2996C2009E31F1 /* StickyEdgesBehavior.swift in Sources */,
				1AAE1EF41C2994DC009E31F1 /* FullPhotoViewController.swift in Sources */,
				1AAE1EF91C2994DC009E31F1 /* AppDelegate.swift in Sources */,
				1AAE1EF51C2994DC009E31F1 /* PhotosCollectionViewController.swift in Sources */,
				1AAE1EFC1C2994DC009E31F1 /* PhotoCollectionViewCell.swift in Sources */,
			);
			runOnlyForDeploymentPostprocessing = 0;
		};
/* End PBXSourcesBuildPhase section */

/* Begin XCBuildConfiguration section */
		93A0C5451B5C000600A5EB09 /* Debug */ = {
			isa = XCBuildConfiguration;
			buildSettings = {
				ALWAYS_SEARCH_USER_PATHS = NO;
				CLANG_CXX_LANGUAGE_STANDARD = "gnu++0x";
				CLANG_CXX_LIBRARY = "libc++";
				CLANG_ENABLE_MODULES = YES;
				CLANG_ENABLE_OBJC_ARC = YES;
				CLANG_WARN_BOOL_CONVERSION = YES;
				CLANG_WARN_CONSTANT_CONVERSION = YES;
				CLANG_WARN_DIRECT_OBJC_ISA_USAGE = YES_ERROR;
				CLANG_WARN_EMPTY_BODY = YES;
				CLANG_WARN_ENUM_CONVERSION = YES;
				CLANG_WARN_INT_CONVERSION = YES;
				CLANG_WARN_OBJC_ROOT_CLASS = YES_ERROR;
				CLANG_WARN_UNREACHABLE_CODE = YES;
				CLANG_WARN__DUPLICATE_METHOD_MATCH = YES;
				"CODE_SIGN_IDENTITY[sdk=iphoneos*]" = "iPhone Developer";
				COPY_PHASE_STRIP = NO;
				DEBUG_INFORMATION_FORMAT = dwarf;
				ENABLE_STRICT_OBJC_MSGSEND = YES;
				ENABLE_TESTABILITY = YES;
				GCC_C_LANGUAGE_STANDARD = gnu99;
				GCC_DYNAMIC_NO_PIC = NO;
				GCC_NO_COMMON_BLOCKS = YES;
				GCC_OPTIMIZATION_LEVEL = 0;
				GCC_PREPROCESSOR_DEFINITIONS = (
					"DEBUG=1",
					"$(inherited)",
				);
				GCC_WARN_64_TO_32_BIT_CONVERSION = YES;
				GCC_WARN_ABOUT_RETURN_TYPE = YES_ERROR;
				GCC_WARN_UNDECLARED_SELECTOR = YES;
				GCC_WARN_UNINITIALIZED_AUTOS = YES_AGGRESSIVE;
				GCC_WARN_UNUSED_FUNCTION = YES;
				GCC_WARN_UNUSED_VARIABLE = YES;
				IPHONEOS_DEPLOYMENT_TARGET = 9.0;
				MTL_ENABLE_DEBUG_INFO = YES;
				ONLY_ACTIVE_ARCH = YES;
				SDKROOT = iphoneos;
				SWIFT_OPTIMIZATION_LEVEL = "-Onone";
				TARGETED_DEVICE_FAMILY = "1,2";
			};
			name = Debug;
		};
		93A0C5461B5C000600A5EB09 /* Release */ = {
			isa = XCBuildConfiguration;
			buildSettings = {
				ALWAYS_SEARCH_USER_PATHS = NO;
				CLANG_CXX_LANGUAGE_STANDARD = "gnu++0x";
				CLANG_CXX_LIBRARY = "libc++";
				CLANG_ENABLE_MODULES = YES;
				CLANG_ENABLE_OBJC_ARC = YES;
				CLANG_WARN_BOOL_CONVERSION = YES;
				CLANG_WARN_CONSTANT_CONVERSION = YES;
				CLANG_WARN_DIRECT_OBJC_ISA_USAGE = YES_ERROR;
				CLANG_WARN_EMPTY_BODY = YES;
				CLANG_WARN_ENUM_CONVERSION = YES;
				CLANG_WARN_INT_CONVERSION = YES;
				CLANG_WARN_OBJC_ROOT_CLASS = YES_ERROR;
				CLANG_WARN_UNREACHABLE_CODE = YES;
				CLANG_WARN__DUPLICATE_METHOD_MATCH = YES;
				"CODE_SIGN_IDENTITY[sdk=iphoneos*]" = "iPhone Developer";
				COPY_PHASE_STRIP = NO;
				DEBUG_INFORMATION_FORMAT = "dwarf-with-dsym";
				ENABLE_NS_ASSERTIONS = NO;
				ENABLE_STRICT_OBJC_MSGSEND = YES;
				GCC_C_LANGUAGE_STANDARD = gnu99;
				GCC_NO_COMMON_BLOCKS = YES;
				GCC_WARN_64_TO_32_BIT_CONVERSION = YES;
				GCC_WARN_ABOUT_RETURN_TYPE = YES_ERROR;
				GCC_WARN_UNDECLARED_SELECTOR = YES;
				GCC_WARN_UNINITIALIZED_AUTOS = YES_AGGRESSIVE;
				GCC_WARN_UNUSED_FUNCTION = YES;
				GCC_WARN_UNUSED_VARIABLE = YES;
				IPHONEOS_DEPLOYMENT_TARGET = 9.0;
				MTL_ENABLE_DEBUG_INFO = NO;
				SDKROOT = iphoneos;
				TARGETED_DEVICE_FAMILY = "1,2";
				VALIDATE_PRODUCT = YES;
			};
			name = Release;
		};
		93A0C5481B5C000600A5EB09 /* Debug */ = {
			isa = XCBuildConfiguration;
			buildSettings = {
				ASSETCATALOG_COMPILER_APPICON_NAME = AppIcon;
				CODE_SIGN_IDENTITY = "iPhone Developer";
				INFOPLIST_FILE = "$(SRCROOT)/DynamicPhotoDisplay/Supporting-Files/Info.plist";
				LD_RUNPATH_SEARCH_PATHS = "$(inherited) @executable_path/Frameworks";
				PRODUCT_BUNDLE_IDENTIFIER = co.andbeyond.DynamicPhotoDisplay;
				PRODUCT_NAME = DynamicPhotoDisplay;
			};
			name = Debug;
		};
		93A0C5491B5C000600A5EB09 /* Release */ = {
			isa = XCBuildConfiguration;
			buildSettings = {
				ASSETCATALOG_COMPILER_APPICON_NAME = AppIcon;
				CODE_SIGN_IDENTITY = "iPhone Developer";
				INFOPLIST_FILE = "$(SRCROOT)/DynamicPhotoDisplay/Supporting-Files/Info.plist";
				LD_RUNPATH_SEARCH_PATHS = "$(inherited) @executable_path/Frameworks";
				PRODUCT_BUNDLE_IDENTIFIER = co.andbeyond.DynamicPhotoDisplay;
				PRODUCT_NAME = DynamicPhotoDisplay;
			};
			name = Release;
		};
/* End XCBuildConfiguration section */

/* Begin XCConfigurationList section */
		93A0C5301B5C000600A5EB09 /* Build configuration list for PBXProject "DynamicPhotoDisplay" */ = {
			isa = XCConfigurationList;
			buildConfigurations = (
				93A0C5451B5C000600A5EB09 /* Debug */,
				93A0C5461B5C000600A5EB09 /* Release */,
			);
			defaultConfigurationIsVisible = 0;
			defaultConfigurationName = Release;
		};
		93A0C5471B5C000600A5EB09 /* Build configuration list for PBXNativeTarget "DynamicPhotoDisplay" */ = {
			isa = XCConfigurationList;
			buildConfigurations = (
				93A0C5481B5C000600A5EB09 /* Debug */,
				93A0C5491B5C000600A5EB09 /* Release */,
			);
			defaultConfigurationIsVisible = 0;
			defaultConfigurationName = Release;
		};
/* End XCConfigurationList section */
	};
	rootObject = 93A0C52D1B5C000600A5EB09 /* Project object */;
}
